version = 1
revision = 3
requires-python = ">=3.12"

[[package]]
name = "aiodbcore"
version = "0.1.4"
source = { editable = "." }
dependencies = [
    { name = "aiosqlite" },
    { name = "asyncpg" },
    { name = "orjson" },
]

[package.metadata]
requires-dist = [
    { name = "aiosqlite", specifier = ">=0.21.0" },
    { name = "asyncpg", specifier = ">=0.30.0" },
    { name = "orjson", specifier = ">=3.11.2" },
]

[[package]]
name = "aiosqlite"
version = "0.21.0"
source = { registry = "https://pypi.org/simple" }
dependencies = [
    { name = "typing-extensions" },
]
sdist = { url = "https://files.pythonhosted.org/packages/13/7d/8bca2bf9a247c2c5dfeec1d7a5f40db6518f88d314b8bca9da29670d2671/aiosqlite-0.21.0.tar.gz", hash = "sha256:131bb8056daa3bc875608c631c678cda73922a2d4ba8aec373b19f18c17e7aa3", size = 13454, upload-time = "2025-02-03T07:30:16.235Z" }
wheels = [
    { url = "https://files.pythonhosted.org/packages/f5/10/6c25ed6de94c49f88a91fa5018cb4c0f3625f31d5be9f771ebe5cc7cd506/aiosqlite-0.21.0-py3-none-any.whl", hash = "sha256:2549cf4057f95f53dcba16f2b64e8e2791d7e1adedb13197dd8ed77bb226d7d0", size = 15792, upload-time = "2025-02-03T07:30:13.6Z" },
]

[[package]]
name = "asyncpg"
version = "0.30.0"
source = { registry = "https://pypi.org/simple" }
sdist = { url = "https://files.pythonhosted.org/packages/2f/4c/7c991e080e106d854809030d8584e15b2e996e26f16aee6d757e387bc17d/asyncpg-0.30.0.tar.gz", hash = "sha256:c551e9928ab6707602f44811817f82ba3c446e018bfe1d3abecc8ba5f3eac851", size = 957746, upload-time = "2024-10-20T00:30:41.127Z" }
wheels = [
    { url = "https://files.pythonhosted.org/packages/4b/64/9d3e887bb7b01535fdbc45fbd5f0a8447539833b97ee69ecdbb7a79d0cb4/asyncpg-0.30.0-cp312-cp312-macosx_10_13_x86_64.whl", hash = "sha256:c902a60b52e506d38d7e80e0dd5399f657220f24635fee368117b8b5fce1142e", size = 673162, upload-time = "2024-10-20T00:29:41.88Z" },
    { url = "https://files.pythonhosted.org/packages/6e/eb/8b236663f06984f212a087b3e849731f917ab80f84450e943900e8ca4052/asyncpg-0.30.0-cp312-cp312-macosx_11_0_arm64.whl", hash = "sha256:aca1548e43bbb9f0f627a04666fedaca23db0a31a84136ad1f868cb15deb6e3a", size = 637025, upload-time = "2024-10-20T00:29:43.352Z" },
    { url = "https://files.pythonhosted.org/packages/cc/57/2dc240bb263d58786cfaa60920779af6e8d32da63ab9ffc09f8312bd7a14/asyncpg-0.30.0-cp312-cp312-manylinux_2_17_aarch64.manylinux2014_aarch64.whl", hash = "sha256:6c2a2ef565400234a633da0eafdce27e843836256d40705d83ab7ec42074efb3", size = 3496243, upload-time = "2024-10-20T00:29:44.922Z" },
    { url = "https://files.pythonhosted.org/packages/f4/40/0ae9d061d278b10713ea9021ef6b703ec44698fe32178715a501ac696c6b/asyncpg-0.30.0-cp312-cp312-manylinux_2_17_x86_64.manylinux2014_x86_64.whl", hash = "sha256:1292b84ee06ac8a2ad8e51c7475aa309245874b61333d97411aab835c4a2f737", size = 3575059, upload-time = "2024-10-20T00:29:46.891Z" },
    { url = "https://files.pythonhosted.org/packages/c3/75/d6b895a35a2c6506952247640178e5f768eeb28b2e20299b6a6f1d743ba0/asyncpg-0.30.0-cp312-cp312-musllinux_1_2_aarch64.whl", hash = "sha256:0f5712350388d0cd0615caec629ad53c81e506b1abaaf8d14c93f54b35e3595a", size = 3473596, upload-time = "2024-10-20T00:29:49.201Z" },
    { url = "https://files.pythonhosted.org/packages/c8/e7/3693392d3e168ab0aebb2d361431375bd22ffc7b4a586a0fc060d519fae7/asyncpg-0.30.0-cp312-cp312-musllinux_1_2_x86_64.whl", hash = "sha256:db9891e2d76e6f425746c5d2da01921e9a16b5a71a1c905b13f30e12a257c4af", size = 3641632, upload-time = "2024-10-20T00:29:50.768Z" },
    { url = "https://files.pythonhosted.org/packages/32/ea/15670cea95745bba3f0352341db55f506a820b21c619ee66b7d12ea7867d/asyncpg-0.30.0-cp312-cp312-win32.whl", hash = "sha256:68d71a1be3d83d0570049cd1654a9bdfe506e794ecc98ad0873304a9f35e411e", size = 560186, upload-time = "2024-10-20T00:29:52.394Z" },
    { url = "https://files.pythonhosted.org/packages/7e/6b/fe1fad5cee79ca5f5c27aed7bd95baee529c1bf8a387435c8ba4fe53d5c1/asyncpg-0.30.0-cp312-cp312-win_amd64.whl", hash = "sha256:9a0292c6af5c500523949155ec17b7fe01a00ace33b68a476d6b5059f9630305", size = 621064, upload-time = "2024-10-20T00:29:53.757Z" },
    { url = "https://files.pythonhosted.org/packages/3a/22/e20602e1218dc07692acf70d5b902be820168d6282e69ef0d3cb920dc36f/asyncpg-0.30.0-cp313-cp313-macosx_10_13_x86_64.whl", hash = "sha256:05b185ebb8083c8568ea8a40e896d5f7af4b8554b64d7719c0eaa1eb5a5c3a70", size = 670373, upload-time = "2024-10-20T00:29:55.165Z" },
    { url = "https://files.pythonhosted.org/packages/3d/b3/0cf269a9d647852a95c06eb00b815d0b95a4eb4b55aa2d6ba680971733b9/asyncpg-0.30.0-cp313-cp313-macosx_11_0_arm64.whl", hash = "sha256:c47806b1a8cbb0a0db896f4cd34d89942effe353a5035c62734ab13b9f938da3", size = 634745, upload-time = "2024-10-20T00:29:57.14Z" },
    { url = "https://files.pythonhosted.org/packages/8e/6d/a4f31bf358ce8491d2a31bfe0d7bcf25269e80481e49de4d8616c4295a34/asyncpg-0.30.0-cp313-cp313-manylinux_2_17_aarch64.manylinux2014_aarch64.whl", hash = "sha256:9b6fde867a74e8c76c71e2f64f80c64c0f3163e687f1763cfaf21633ec24ec33", size = 3512103, upload-time = "2024-10-20T00:29:58.499Z" },
    { url = "https://files.pythonhosted.org/packages/96/19/139227a6e67f407b9c386cb594d9628c6c78c9024f26df87c912fabd4368/asyncpg-0.30.0-cp313-cp313-manylinux_2_17_x86_64.manylinux2014_x86_64.whl", hash = "sha256:46973045b567972128a27d40001124fbc821c87a6cade040cfcd4fa8a30bcdc4", size = 3592471, upload-time = "2024-10-20T00:30:00.354Z" },
    { url = "https://files.pythonhosted.org/packages/67/e4/ab3ca38f628f53f0fd28d3ff20edff1c975dd1cb22482e0061916b4b9a74/asyncpg-0.30.0-cp313-cp313-musllinux_1_2_aarch64.whl", hash = "sha256:9110df111cabc2ed81aad2f35394a00cadf4f2e0635603db6ebbd0fc896f46a4", size = 3496253, upload-time = "2024-10-20T00:30:02.794Z" },
    { url = "https://files.pythonhosted.org/packages/ef/5f/0bf65511d4eeac3a1f41c54034a492515a707c6edbc642174ae79034d3ba/asyncpg-0.30.0-cp313-cp313-musllinux_1_2_x86_64.whl", hash = "sha256:04ff0785ae7eed6cc138e73fc67b8e51d54ee7a3ce9b63666ce55a0bf095f7ba", size = 3662720, upload-time = "2024-10-20T00:30:04.501Z" },
    { url = "https://files.pythonhosted.org/packages/e7/31/1513d5a6412b98052c3ed9158d783b1e09d0910f51fbe0e05f56cc370bc4/asyncpg-0.30.0-cp313-cp313-win32.whl", hash = "sha256:ae374585f51c2b444510cdf3595b97ece4f233fde739aa14b50e0d64e8a7a590", size = 560404, upload-time = "2024-10-20T00:30:06.537Z" },
    { url = "https://files.pythonhosted.org/packages/c8/a4/cec76b3389c4c5ff66301cd100fe88c318563ec8a520e0b2e792b5b84972/asyncpg-0.30.0-cp313-cp313-win_amd64.whl", hash = "sha256:f59b430b8e27557c3fb9869222559f7417ced18688375825f8f12302c34e915e", size = 621623, upload-time = "2024-10-20T00:30:09.024Z" },
]

[[package]]
name = "orjson"
version = "3.11.2"
source = { registry = "https://pypi.org/simple" }
sdist = { url = "https://files.pythonhosted.org/packages/df/1d/5e0ae38788bdf0721326695e65fdf41405ed535f633eb0df0f06f57552fa/orjson-3.11.2.tar.gz", hash = "sha256:91bdcf5e69a8fd8e8bdb3de32b31ff01d2bd60c1e8d5fe7d5afabdcf19920309", size = 5470739, upload-time = "2025-08-12T15:12:28.626Z" }
wheels = [
    { url = "https://files.pythonhosted.org/packages/40/02/46054ebe7996a8adee9640dcad7d39d76c2000dc0377efa38e55dc5cbf78/orjson-3.11.2-cp312-cp312-macosx_10_15_x86_64.macosx_11_0_arm64.macosx_10_15_universal2.whl", hash = "sha256:901d80d349d8452162b3aa1afb82cec5bee79a10550660bc21311cc61a4c5486", size = 226528, upload-time = "2025-08-12T15:11:03.317Z" },
    { url = "https://files.pythonhosted.org/packages/e2/c6/6b6f0b4d8aea1137436546b990f71be2cd8bd870aa2f5aa14dba0fcc95dc/orjson-3.11.2-cp312-cp312-macosx_15_0_arm64.whl", hash = "sha256:cf3bd3967a360e87ee14ed82cb258b7f18c710dacf3822fb0042a14313a673a1", size = 115931, upload-time = "2025-08-12T15:11:04.759Z" },
    { url = "https://files.pythonhosted.org/packages/ae/05/4205cc97c30e82a293dd0d149b1a89b138ebe76afeca66fc129fa2aa4e6a/orjson-3.11.2-cp312-cp312-manylinux_2_17_aarch64.manylinux2014_aarch64.whl", hash = "sha256:26693dde66910078229a943e80eeb99fdce6cd2c26277dc80ead9f3ab97d2131", size = 111382, upload-time = "2025-08-12T15:11:06.468Z" },
    { url = "https://files.pythonhosted.org/packages/50/c7/b8a951a93caa821f9272a7c917115d825ae2e4e8768f5ddf37968ec9de01/orjson-3.11.2-cp312-cp312-manylinux_2_17_armv7l.manylinux2014_armv7l.whl", hash = "sha256:4ad4c8acb50a28211c33fc7ef85ddf5cb18d4636a5205fd3fa2dce0411a0e30c", size = 116271, upload-time = "2025-08-12T15:11:07.845Z" },
    { url = "https://files.pythonhosted.org/packages/17/03/1006c7f8782d5327439e26d9b0ec66500ea7b679d4bbb6b891d2834ab3ee/orjson-3.11.2-cp312-cp312-manylinux_2_17_i686.manylinux2014_i686.whl", hash = "sha256:994181e7f1725bb5f2d481d7d228738e0743b16bf319ca85c29369c65913df14", size = 119086, upload-time = "2025-08-12T15:11:09.329Z" },
    { url = "https://files.pythonhosted.org/packages/44/61/57d22bc31f36a93878a6f772aea76b2184102c6993dea897656a66d18c74/orjson-3.11.2-cp312-cp312-manylinux_2_17_ppc64le.manylinux2014_ppc64le.whl", hash = "sha256:dbb79a0476393c07656b69c8e763c3cc925fa8e1d9e9b7d1f626901bb5025448", size = 120724, upload-time = "2025-08-12T15:11:10.674Z" },
    { url = "https://files.pythonhosted.org/packages/78/a9/4550e96b4c490c83aea697d5347b8f7eb188152cd7b5a38001055ca5b379/orjson-3.11.2-cp312-cp312-manylinux_2_17_s390x.manylinux2014_s390x.whl", hash = "sha256:191ed27a1dddb305083d8716af413d7219f40ec1d4c9b0e977453b4db0d6fb6c", size = 123577, upload-time = "2025-08-12T15:11:12.015Z" },
    { url = "https://files.pythonhosted.org/packages/3a/86/09b8cb3ebd513d708ef0c92d36ac3eebda814c65c72137b0a82d6d688fc4/orjson-3.11.2-cp312-cp312-manylinux_2_17_x86_64.manylinux2014_x86_64.whl", hash = "sha256:0afb89f16f07220183fd00f5f297328ed0a68d8722ad1b0c8dcd95b12bc82804", size = 121195, upload-time = "2025-08-12T15:11:13.399Z" },
    { url = "https://files.pythonhosted.org/packages/37/68/7b40b39ac2c1c644d4644e706d0de6c9999764341cd85f2a9393cb387661/orjson-3.11.2-cp312-cp312-musllinux_1_2_aarch64.whl", hash = "sha256:6ab6e6b4e93b1573a026b6ec16fca9541354dd58e514b62c558b58554ae04307", size = 119234, upload-time = "2025-08-12T15:11:15.134Z" },
    { url = "https://files.pythonhosted.org/packages/40/7c/bb6e7267cd80c19023d44d8cbc4ea4ed5429fcd4a7eb9950f50305697a28/orjson-3.11.2-cp312-cp312-musllinux_1_2_armv7l.whl", hash = "sha256:9cb23527efb61fb75527df55d20ee47989c4ee34e01a9c98ee9ede232abf6219", size = 392250, upload-time = "2025-08-12T15:11:16.604Z" },
    { url = "https://files.pythonhosted.org/packages/64/f2/6730ace05583dbca7c1b406d59f4266e48cd0d360566e71482420fb849fc/orjson-3.11.2-cp312-cp312-musllinux_1_2_i686.whl", hash = "sha256:a4dd1268e4035af21b8a09e4adf2e61f87ee7bf63b86d7bb0a237ac03fad5b45", size = 134572, upload-time = "2025-08-12T15:11:18.205Z" },
    { url = "https://files.pythonhosted.org/packages/96/0f/7d3e03a30d5aac0432882b539a65b8c02cb6dd4221ddb893babf09c424cc/orjson-3.11.2-cp312-cp312-musllinux_1_2_x86_64.whl", hash = "sha256:ff8b155b145eaf5a9d94d2c476fbe18d6021de93cf36c2ae2c8c5b775763f14e", size = 123869, upload-time = "2025-08-12T15:11:19.554Z" },
    { url = "https://files.pythonhosted.org/packages/45/80/1513265eba6d4a960f078f4b1d2bff94a571ab2d28c6f9835e03dfc65cc6/orjson-3.11.2-cp312-cp312-win32.whl", hash = "sha256:ae3bb10279d57872f9aba68c9931aa71ed3b295fa880f25e68da79e79453f46e", size = 124430, upload-time = "2025-08-12T15:11:20.914Z" },
    { url = "https://files.pythonhosted.org/packages/fb/61/eadf057b68a332351eeb3d89a4cc538d14f31cd8b5ec1b31a280426ccca2/orjson-3.11.2-cp312-cp312-win_amd64.whl", hash = "sha256:d026e1967239ec11a2559b4146a61d13914504b396f74510a1c4d6b19dfd8732", size = 119598, upload-time = "2025-08-12T15:11:22.372Z" },
    { url = "https://files.pythonhosted.org/packages/6b/3f/7f4b783402143d965ab7e9a2fc116fdb887fe53bdce7d3523271cd106098/orjson-3.11.2-cp312-cp312-win_arm64.whl", hash = "sha256:59f8d5ad08602711af9589375be98477d70e1d102645430b5a7985fdbf613b36", size = 114052, upload-time = "2025-08-12T15:11:23.762Z" },
    { url = "https://files.pythonhosted.org/packages/c2/f3/0dd6b4750eb556ae4e2c6a9cb3e219ec642e9c6d95f8ebe5dc9020c67204/orjson-3.11.2-cp313-cp313-macosx_10_15_x86_64.macosx_11_0_arm64.macosx_10_15_universal2.whl", hash = "sha256:a079fdba7062ab396380eeedb589afb81dc6683f07f528a03b6f7aae420a0219", size = 226419, upload-time = "2025-08-12T15:11:25.517Z" },
    { url = "https://files.pythonhosted.org/packages/44/d5/e67f36277f78f2af8a4690e0c54da6b34169812f807fd1b4bfc4dbcf9558/orjson-3.11.2-cp313-cp313-macosx_15_0_arm64.whl", hash = "sha256:6a5f62ebbc530bb8bb4b1ead103647b395ba523559149b91a6c545f7cd4110ad", size = 115803, upload-time = "2025-08-12T15:11:27.357Z" },
    { url = "https://files.pythonhosted.org/packages/24/37/ff8bc86e0dacc48f07c2b6e20852f230bf4435611bab65e3feae2b61f0ae/orjson-3.11.2-cp313-cp313-manylinux_2_17_aarch64.manylinux2014_aarch64.whl", hash = "sha256:d7df6c7b8b0931feb3420b72838c3e2ba98c228f7aa60d461bc050cf4ca5f7b2", size = 111337, upload-time = "2025-08-12T15:11:28.805Z" },
    { url = "https://files.pythonhosted.org/packages/b9/25/37d4d3e8079ea9784ea1625029988e7f4594ce50d4738b0c1e2bf4a9e201/orjson-3.11.2-cp313-cp313-manylinux_2_17_armv7l.manylinux2014_armv7l.whl", hash = "sha256:6f59dfea7da1fced6e782bb3699718088b1036cb361f36c6e4dd843c5111aefe", size = 116222, upload-time = "2025-08-12T15:11:30.18Z" },
    { url = "https://files.pythonhosted.org/packages/b7/32/a63fd9c07fce3b4193dcc1afced5dd4b0f3a24e27556604e9482b32189c9/orjson-3.11.2-cp313-cp313-manylinux_2_17_i686.manylinux2014_i686.whl", hash = "sha256:edf49146520fef308c31aa4c45b9925fd9c7584645caca7c0c4217d7900214ae", size = 119020, upload-time = "2025-08-12T15:11:31.59Z" },
    { url = "https://files.pythonhosted.org/packages/b4/b6/400792b8adc3079a6b5d649264a3224d6342436d9fac9a0ed4abc9dc4596/orjson-3.11.2-cp313-cp313-manylinux_2_17_ppc64le.manylinux2014_ppc64le.whl", hash = "sha256:50995bbeb5d41a32ad15e023305807f561ac5dcd9bd41a12c8d8d1d2c83e44e6", size = 120721, upload-time = "2025-08-12T15:11:33.035Z" },
    { url = "https://files.pythonhosted.org/packages/40/f3/31ab8f8c699eb9e65af8907889a0b7fef74c1d2b23832719a35da7bb0c58/orjson-3.11.2-cp313-cp313-manylinux_2_17_s390x.manylinux2014_s390x.whl", hash = "sha256:2cc42960515076eb639b705f105712b658c525863d89a1704d984b929b0577d1", size = 123574, upload-time = "2025-08-12T15:11:34.433Z" },
    { url = "https://files.pythonhosted.org/packages/bd/a6/ce4287c412dff81878f38d06d2c80845709c60012ca8daf861cb064b4574/orjson-3.11.2-cp313-cp313-manylinux_2_17_x86_64.manylinux2014_x86_64.whl", hash = "sha256:c56777cab2a7b2a8ea687fedafb84b3d7fdafae382165c31a2adf88634c432fa", size = 121225, upload-time = "2025-08-12T15:11:36.133Z" },
    { url = "https://files.pythonhosted.org/packages/69/b0/7a881b2aef4fed0287d2a4fbb029d01ed84fa52b4a68da82bdee5e50598e/orjson-3.11.2-cp313-cp313-musllinux_1_2_aarch64.whl", hash = "sha256:07349e88025b9b5c783077bf7a9f401ffbfb07fd20e86ec6fc5b7432c28c2c5e", size = 119201, upload-time = "2025-08-12T15:11:37.642Z" },
    { url = "https://files.pythonhosted.org/packages/cf/98/a325726b37f7512ed6338e5e65035c3c6505f4e628b09a5daf0419f054ea/orjson-3.11.2-cp313-cp313-musllinux_1_2_armv7l.whl", hash = "sha256:45841fbb79c96441a8c58aa29ffef570c5df9af91f0f7a9572e5505e12412f15", size = 392193, upload-time = "2025-08-12T15:11:39.153Z" },
    { url = "https://files.pythonhosted.org/packages/cb/4f/a7194f98b0ce1d28190e0c4caa6d091a3fc8d0107ad2209f75c8ba398984/orjson-3.11.2-cp313-cp313-musllinux_1_2_i686.whl", hash = "sha256:13d8d8db6cd8d89d4d4e0f4161acbbb373a4d2a4929e862d1d2119de4aa324ac", size = 134548, upload-time = "2025-08-12T15:11:40.768Z" },
    { url = "https://files.pythonhosted.org/packages/e8/5e/b84caa2986c3f472dc56343ddb0167797a708a8d5c3be043e1e2677b55df/orjson-3.11.2-cp313-cp313-musllinux_1_2_x86_64.whl", hash = "sha256:51da1ee2178ed09c00d09c1b953e45846bbc16b6420965eb7a913ba209f606d8", size = 123798, upload-time = "2025-08-12T15:11:42.164Z" },
    { url = "https://files.pythonhosted.org/packages/9c/5b/e398449080ce6b4c8fcadad57e51fa16f65768e1b142ba90b23ac5d10801/orjson-3.11.2-cp313-cp313-win32.whl", hash = "sha256:51dc033df2e4a4c91c0ba4f43247de99b3cbf42ee7a42ee2b2b2f76c8b2f2cb5", size = 124402, upload-time = "2025-08-12T15:11:44.036Z" },
    { url = "https://files.pythonhosted.org/packages/b3/66/429e4608e124debfc4790bfc37131f6958e59510ba3b542d5fc163be8e5f/orjson-3.11.2-cp313-cp313-win_amd64.whl", hash = "sha256:29d91d74942b7436f29b5d1ed9bcfc3f6ef2d4f7c4997616509004679936650d", size = 119498, upload-time = "2025-08-12T15:11:45.864Z" },
    { url = "https://files.pythonhosted.org/packages/7b/04/f8b5f317cce7ad3580a9ad12d7e2df0714dfa8a83328ecddd367af802f5b/orjson-3.11.2-cp313-cp313-win_arm64.whl", hash = "sha256:4ca4fb5ac21cd1e48028d4f708b1bb13e39c42d45614befd2ead004a8bba8535", size = 114051, upload-time = "2025-08-12T15:11:47.555Z" },
    { url = "https://files.pythonhosted.org/packages/74/83/2c363022b26c3c25b3708051a19d12f3374739bb81323f05b284392080c0/orjson-3.11.2-cp314-cp314-macosx_10_15_x86_64.macosx_11_0_arm64.macosx_10_15_universal2.whl", hash = "sha256:3dcba7101ea6a8d4ef060746c0f2e7aa8e2453a1012083e1ecce9726d7554cb7", size = 226406, upload-time = "2025-08-12T15:11:49.445Z" },
    { url = "https://files.pythonhosted.org/packages/b0/a7/aa3c973de0b33fc93b4bd71691665ffdfeae589ea9d0625584ab10a7d0f5/orjson-3.11.2-cp314-cp314-macosx_15_0_arm64.whl", hash = "sha256:15d17bdb76a142e1f55d91913e012e6e6769659daa6bfef3ef93f11083137e81", size = 115788, upload-time = "2025-08-12T15:11:50.992Z" },
    { url = "https://files.pythonhosted.org/packages/ef/f2/e45f233dfd09fdbb052ec46352363dca3906618e1a2b264959c18f809d0b/orjson-3.11.2-cp314-cp314-manylinux_2_34_aarch64.whl", hash = "sha256:53c9e81768c69d4b66b8876ec3c8e431c6e13477186d0db1089d82622bccd19f", size = 111318, upload-time = "2025-08-12T15:11:52.495Z" },
    { url = "https://files.pythonhosted.org/packages/3e/23/cf5a73c4da6987204cbbf93167f353ff0c5013f7c5e5ef845d4663a366da/orjson-3.11.2-cp314-cp314-manylinux_2_34_x86_64.whl", hash = "sha256:d4f13af59a7b84c1ca6b8a7ab70d608f61f7c44f9740cd42409e6ae7b6c8d8b7", size = 121231, upload-time = "2025-08-12T15:11:53.941Z" },
    { url = "https://files.pythonhosted.org/packages/40/1d/47468a398ae68a60cc21e599144e786e035bb12829cb587299ecebc088f1/orjson-3.11.2-cp314-cp314-musllinux_1_2_aarch64.whl", hash = "sha256:bde64aa469b5ee46cc960ed241fae3721d6a8801dacb2ca3466547a2535951e4", size = 119204, upload-time = "2025-08-12T15:11:55.409Z" },
    { url = "https://files.pythonhosted.org/packages/4d/d9/f99433d89b288b5bc8836bffb32a643f805e673cf840ef8bab6e73ced0d1/orjson-3.11.2-cp314-cp314-musllinux_1_2_armv7l.whl", hash = "sha256:b5ca86300aeb383c8fa759566aca065878d3d98c3389d769b43f0a2e84d52c5f", size = 392237, upload-time = "2025-08-12T15:11:57.18Z" },
    { url = "https://files.pythonhosted.org/packages/d4/dc/1b9d80d40cebef603325623405136a29fb7d08c877a728c0943dd066c29a/orjson-3.11.2-cp314-cp314-musllinux_1_2_i686.whl", hash = "sha256:24e32a558ebed73a6a71c8f1cbc163a7dd5132da5270ff3d8eeb727f4b6d1bc7", size = 134578, upload-time = "2025-08-12T15:11:58.844Z" },
    { url = "https://files.pythonhosted.org/packages/45/b3/72e7a4c5b6485ef4e83ef6aba7f1dd041002bad3eb5d1d106ca5b0fc02c6/orjson-3.11.2-cp314-cp314-musllinux_1_2_x86_64.whl", hash = "sha256:e36319a5d15b97e4344110517450396845cc6789aed712b1fbf83c1bd95792f6", size = 123799, upload-time = "2025-08-12T15:12:00.352Z" },
    { url = "https://files.pythonhosted.org/packages/c8/3e/a3d76b392e7acf9b34dc277171aad85efd6accc75089bb35b4c614990ea9/orjson-3.11.2-cp314-cp314-win32.whl", hash = "sha256:40193ada63fab25e35703454d65b6afc71dbc65f20041cb46c6d91709141ef7f", size = 124461, upload-time = "2025-08-12T15:12:01.854Z" },
    { url = "https://files.pythonhosted.org/packages/fb/e3/75c6a596ff8df9e4a5894813ff56695f0a218e6ea99420b4a645c4f7795d/orjson-3.11.2-cp314-cp314-win_amd64.whl", hash = "sha256:7c8ac5f6b682d3494217085cf04dadae66efee45349ad4ee2a1da3c97e2305a8", size = 119494, upload-time = "2025-08-12T15:12:03.337Z" },
    { url = "https://files.pythonhosted.org/packages/5b/3d/9e74742fc261c5ca473c96bb3344d03995869e1dc6402772c60afb97736a/orjson-3.11.2-cp314-cp314-win_arm64.whl", hash = "sha256:21cf261e8e79284242e4cb1e5924df16ae28255184aafeff19be1405f6d33f67", size = 114046, upload-time = "2025-08-12T15:12:04.87Z" },
]

[[package]]
name = "typing-extensions"
version = "4.14.1"
source = { registry = "https://pypi.org/simple" }
sdist = { url = "https://files.pythonhosted.org/packages/98/5a/da40306b885cc8c09109dc2e1abd358d5684b1425678151cdaed4731c822/typing_extensions-4.14.1.tar.gz", hash = "sha256:38b39f4aeeab64884ce9f74c94263ef78f3c22467c8724005483154c26648d36", size = 107673, upload-time = "2025-07-04T13:28:34.16Z" }
wheels = [
    { url = "https://files.pythonhosted.org/packages/b5/00/d631e67a838026495268c2f6884f3711a15a9a2a96cd244fdaea53b823fb/typing_extensions-4.14.1-py3-none-any.whl", hash = "sha256:d1e1e3b58374dc93031d6eda2420a48ea44a36c2b4766a4fdeb3710755731d76", size = 43906, upload-time = "2025-07-04T13:28:32.743Z" },
]
