version = 1
revision = 3
requires-python = ">=3.12"

[[package]]
name = "aiodbcore"
version = "0.6.0"
source = { editable = "." }
dependencies = [
    { name = "orjson" },
]

[package.optional-dependencies]
aiosqlite = [
    { name = "aiosqlite" },
]
async = [
    { name = "aiosqlite" },
    { name = "asyncpg" },
]
asyncpg = [
    { name = "asyncpg" },
]

[package.metadata]
requires-dist = [
    { name = "aiosqlite", marker = "extra == 'aiosqlite'", specifier = ">=0.21.0" },
    { name = "aiosqlite", marker = "extra == 'async'", specifier = ">=0.21.0" },
    { name = "asyncpg", marker = "extra == 'async'", specifier = ">=0.30.0" },
    { name = "asyncpg", marker = "extra == 'asyncpg'", specifier = ">=0.30.0" },
    { name = "orjson", specifier = ">=3.11.2" },
]
provides-extras = ["async", "aiosqlite", "asyncpg"]

[[package]]
name = "aiosqlite"
version = "0.22.1"
source = { registry = "https://pypi.org/simple" }
sdist = { url = "https://files.pythonhosted.org/packages/4e/8a/64761f4005f17809769d23e518d915db74e6310474e733e3593cfc854ef1/aiosqlite-0.22.1.tar.gz", hash = "sha256:043e0bd78d32888c0a9ca90fc788b38796843360c855a7262a532813133a0650", size = 14821, upload-time = "2025-12-23T19:25:43.997Z" }
wheels = [
    { url = "https://files.pythonhosted.org/packages/00/b7/e3bf5133d697a08128598c8d0abc5e16377b51465a33756de24fa7dee953/aiosqlite-0.22.1-py3-none-any.whl", hash = "sha256:21c002eb13823fad740196c5a2e9d8e62f6243bd9e7e4a1f87fb5e44ecb4fceb", size = 17405, upload-time = "2025-12-23T19:25:42.139Z" },
]

[[package]]
name = "asyncpg"
version = "0.31.0"
source = { registry = "https://pypi.org/simple" }
sdist = { url = "https://files.pythonhosted.org/packages/fe/cc/d18065ce2380d80b1bcce927c24a2642efd38918e33fd724bc4bca904877/asyncpg-0.31.0.tar.gz", hash = "sha256:c989386c83940bfbd787180f2b1519415e2d3d6277a70d9d0f0145ac73500735", size = 993667, upload-time = "2025-11-24T23:27:00.812Z" }
wheels = [
    { url = "https://files.pythonhosted.org/packages/2a/a6/59d0a146e61d20e18db7396583242e32e0f120693b67a8de43f1557033e2/asyncpg-0.31.0-cp312-cp312-macosx_10_13_x86_64.whl", hash = "sha256:b44c31e1efc1c15188ef183f287c728e2046abb1d26af4d20858215d50d91fad", size = 662042, upload-time = "2025-11-24T23:25:49.578Z" },
    { url = "https://files.pythonhosted.org/packages/36/01/ffaa189dcb63a2471720615e60185c3f6327716fdc0fc04334436fbb7c65/asyncpg-0.31.0-cp312-cp312-macosx_11_0_arm64.whl", hash = "sha256:0c89ccf741c067614c9b5fc7f1fc6f3b61ab05ae4aaa966e6fd6b93097c7d20d", size = 638504, upload-time = "2025-11-24T23:25:51.501Z" },
    { url = "https://files.pythonhosted.org/packages/9f/62/3f699ba45d8bd24c5d65392190d19656d74ff0185f42e19d0bbd973bb371/asyncpg-0.31.0-cp312-cp312-manylinux_2_28_aarch64.whl", hash = "sha256:12b3b2e39dc5470abd5e98c8d3373e4b1d1234d9fbdedf538798b2c13c64460a", size = 3426241, upload-time = "2025-11-24T23:25:53.278Z" },
    { url = "https://files.pythonhosted.org/packages/8c/d1/a867c2150f9c6e7af6462637f613ba67f78a314b00db220cd26ff559d532/asyncpg-0.31.0-cp312-cp312-manylinux_2_28_x86_64.whl", hash = "sha256:aad7a33913fb8bcb5454313377cc330fbb19a0cd5faa7272407d8a0c4257b671", size = 3520321, upload-time = "2025-11-24T23:25:54.982Z" },
    { url = "https://files.pythonhosted.org/packages/7a/1a/cce4c3f246805ecd285a3591222a2611141f1669d002163abef999b60f98/asyncpg-0.31.0-cp312-cp312-musllinux_1_2_aarch64.whl", hash = "sha256:3df118d94f46d85b2e434fd62c84cb66d5834d5a890725fe625f498e72e4d5ec", size = 3316685, upload-time = "2025-11-24T23:25:57.43Z" },
    { url = "https://files.pythonhosted.org/packages/40/ae/0fc961179e78cc579e138fad6eb580448ecae64908f95b8cb8ee2f241f67/asyncpg-0.31.0-cp312-cp312-musllinux_1_2_x86_64.whl", hash = "sha256:bd5b6efff3c17c3202d4b37189969acf8927438a238c6257f66be3c426beba20", size = 3471858, upload-time = "2025-11-24T23:25:59.636Z" },
    { url = "https://files.pythonhosted.org/packages/52/b2/b20e09670be031afa4cbfabd645caece7f85ec62d69c312239de568e058e/asyncpg-0.31.0-cp312-cp312-win32.whl", hash = "sha256:027eaa61361ec735926566f995d959ade4796f6a49d3bde17e5134b9964f9ba8", size = 527852, upload-time = "2025-11-24T23:26:01.084Z" },
    { url = "https://files.pythonhosted.org/packages/b5/f0/f2ed1de154e15b107dc692262395b3c17fc34eafe2a78fc2115931561730/asyncpg-0.31.0-cp312-cp312-win_amd64.whl", hash = "sha256:72d6bdcbc93d608a1158f17932de2321f68b1a967a13e014998db87a72ed3186", size = 597175, upload-time = "2025-11-24T23:26:02.564Z" },
    { url = "https://files.pythonhosted.org/packages/95/11/97b5c2af72a5d0b9bc3fa30cd4b9ce22284a9a943a150fdc768763caf035/asyncpg-0.31.0-cp313-cp313-macosx_10_13_x86_64.whl", hash = "sha256:c204fab1b91e08b0f47e90a75d1b3c62174dab21f670ad6c5d0f243a228f015b", size = 661111, upload-time = "2025-11-24T23:26:04.467Z" },
    { url = "https://files.pythonhosted.org/packages/1b/71/157d611c791a5e2d0423f09f027bd499935f0906e0c2a416ce712ba51ef3/asyncpg-0.31.0-cp313-cp313-macosx_11_0_arm64.whl", hash = "sha256:54a64f91839ba59008eccf7aad2e93d6e3de688d796f35803235ea1c4898ae1e", size = 636928, upload-time = "2025-11-24T23:26:05.944Z" },
    { url = "https://files.pythonhosted.org/packages/2e/fc/9e3486fb2bbe69d4a867c0b76d68542650a7ff1574ca40e84c3111bb0c6e/asyncpg-0.31.0-cp313-cp313-manylinux2014_aarch64.manylinux_2_17_aarch64.manylinux_2_28_aarch64.whl", hash = "sha256:c0e0822b1038dc7253b337b0f3f676cadc4ac31b126c5d42691c39691962e403", size = 3424067, upload-time = "2025-11-24T23:26:07.957Z" },
    { url = "https://files.pythonhosted.org/packages/12/c6/8c9d076f73f07f995013c791e018a1cd5f31823c2a3187fc8581706aa00f/asyncpg-0.31.0-cp313-cp313-manylinux2014_x86_64.manylinux_2_17_x86_64.manylinux_2_28_x86_64.whl", hash = "sha256:bef056aa502ee34204c161c72ca1f3c274917596877f825968368b2c33f585f4", size = 3518156, upload-time = "2025-11-24T23:26:09.591Z" },
    { url = "https://files.pythonhosted.org/packages/ae/3b/60683a0baf50fbc546499cfb53132cb6835b92b529a05f6a81471ab60d0c/asyncpg-0.31.0-cp313-cp313-musllinux_1_2_aarch64.whl", hash = "sha256:0bfbcc5b7ffcd9b75ab1558f00db2ae07db9c80637ad1b2469c43df79d7a5ae2", size = 3319636, upload-time = "2025-11-24T23:26:11.168Z" },
    { url = "https://files.pythonhosted.org/packages/50/dc/8487df0f69bd398a61e1792b3cba0e47477f214eff085ba0efa7eac9ce87/asyncpg-0.31.0-cp313-cp313-musllinux_1_2_x86_64.whl", hash = "sha256:22bc525ebbdc24d1261ecbf6f504998244d4e3be1721784b5f64664d61fbe602", size = 3472079, upload-time = "2025-11-24T23:26:13.164Z" },
    { url = "https://files.pythonhosted.org/packages/13/a1/c5bbeeb8531c05c89135cb8b28575ac2fac618bcb60119ee9696c3faf71c/asyncpg-0.31.0-cp313-cp313-win32.whl", hash = "sha256:f890de5e1e4f7e14023619399a471ce4b71f5418cd67a51853b9910fdfa73696", size = 527606, upload-time = "2025-11-24T23:26:14.78Z" },
    { url = "https://files.pythonhosted.org/packages/91/66/b25ccb84a246b470eb943b0107c07edcae51804912b824054b3413995a10/asyncpg-0.31.0-cp313-cp313-win_amd64.whl", hash = "sha256:dc5f2fa9916f292e5c5c8b2ac2813763bcd7f58e130055b4ad8a0531314201ab", size = 596569, upload-time = "2025-11-24T23:26:16.189Z" },
    { url = "https://files.pythonhosted.org/packages/3c/36/e9450d62e84a13aea6580c83a47a437f26c7ca6fa0f0fd40b6670793ea30/asyncpg-0.31.0-cp314-cp314-macosx_10_15_x86_64.whl", hash = "sha256:f6b56b91bb0ffc328c4e3ed113136cddd9deefdf5f79ab448598b9772831df44", size = 660867, upload-time = "2025-11-24T23:26:17.631Z" },
    { url = "https://files.pythonhosted.org/packages/82/4b/1d0a2b33b3102d210439338e1beea616a6122267c0df459ff0265cd5807a/asyncpg-0.31.0-cp314-cp314-macosx_11_0_arm64.whl", hash = "sha256:334dec28cf20d7f5bb9e45b39546ddf247f8042a690bff9b9573d00086e69cb5", size = 638349, upload-time = "2025-11-24T23:26:19.689Z" },
    { url = "https://files.pythonhosted.org/packages/41/aa/e7f7ac9a7974f08eff9183e392b2d62516f90412686532d27e196c0f0eeb/asyncpg-0.31.0-cp314-cp314-manylinux2014_aarch64.manylinux_2_17_aarch64.manylinux_2_28_aarch64.whl", hash = "sha256:98cc158c53f46de7bb677fd20c417e264fc02b36d901cc2a43bd6cb0dc6dbfd2", size = 3410428, upload-time = "2025-11-24T23:26:21.275Z" },
    { url = "https://files.pythonhosted.org/packages/6f/de/bf1b60de3dede5c2731e6788617a512bc0ebd9693eac297ee74086f101d7/asyncpg-0.31.0-cp314-cp314-manylinux2014_x86_64.manylinux_2_17_x86_64.manylinux_2_28_x86_64.whl", hash = "sha256:9322b563e2661a52e3cdbc93eed3be7748b289f792e0011cb2720d278b366ce2", size = 3471678, upload-time = "2025-11-24T23:26:23.627Z" },
    { url = "https://files.pythonhosted.org/packages/46/78/fc3ade003e22d8bd53aaf8f75f4be48f0b460fa73738f0391b9c856a9147/asyncpg-0.31.0-cp314-cp314-musllinux_1_2_aarch64.whl", hash = "sha256:19857a358fc811d82227449b7ca40afb46e75b33eb8897240c3839dd8b744218", size = 3313505, upload-time = "2025-11-24T23:26:25.235Z" },
    { url = "https://files.pythonhosted.org/packages/bf/e9/73eb8a6789e927816f4705291be21f2225687bfa97321e40cd23055e903a/asyncpg-0.31.0-cp314-cp314-musllinux_1_2_x86_64.whl", hash = "sha256:ba5f8886e850882ff2c2ace5732300e99193823e8107e2c53ef01c1ebfa1e85d", size = 3434744, upload-time = "2025-11-24T23:26:26.944Z" },
    { url = "https://files.pythonhosted.org/packages/08/4b/f10b880534413c65c5b5862f79b8e81553a8f364e5238832ad4c0af71b7f/asyncpg-0.31.0-cp314-cp314-win32.whl", hash = "sha256:cea3a0b2a14f95834cee29432e4ddc399b95700eb1d51bbc5bfee8f31fa07b2b", size = 532251, upload-time = "2025-11-24T23:26:28.404Z" },
    { url = "https://files.pythonhosted.org/packages/d3/2d/7aa40750b7a19efa5d66e67fc06008ca0f27ba1bd082e457ad82f59aba49/asyncpg-0.31.0-cp314-cp314-win_amd64.whl", hash = "sha256:04d19392716af6b029411a0264d92093b6e5e8285ae97a39957b9a9c14ea72be", size = 604901, upload-time = "2025-11-24T23:26:30.34Z" },
    { url = "https://files.pythonhosted.org/packages/ce/fe/b9dfe349b83b9dee28cc42360d2c86b2cdce4cb551a2c2d27e156bcac84d/asyncpg-0.31.0-cp314-cp314t-macosx_10_15_x86_64.whl", hash = "sha256:bdb957706da132e982cc6856bb2f7b740603472b54c3ebc77fe60ea3e57e1bd2", size = 702280, upload-time = "2025-11-24T23:26:32Z" },
    { url = "https://files.pythonhosted.org/packages/6a/81/e6be6e37e560bd91e6c23ea8a6138a04fd057b08cf63d3c5055c98e81c1d/asyncpg-0.31.0-cp314-cp314t-macosx_11_0_arm64.whl", hash = "sha256:6d11b198111a72f47154fa03b85799f9be63701e068b43f84ac25da0bda9cb31", size = 682931, upload-time = "2025-11-24T23:26:33.572Z" },
    { url = "https://files.pythonhosted.org/packages/a6/45/6009040da85a1648dd5bc75b3b0a062081c483e75a1a29041ae63a0bf0dc/asyncpg-0.31.0-cp314-cp314t-manylinux2014_aarch64.manylinux_2_17_aarch64.manylinux_2_28_aarch64.whl", hash = "sha256:18c83b03bc0d1b23e6230f5bf8d4f217dc9bc08644ce0502a9d91dc9e634a9c7", size = 3581608, upload-time = "2025-11-24T23:26:35.638Z" },
    { url = "https://files.pythonhosted.org/packages/7e/06/2e3d4d7608b0b2b3adbee0d0bd6a2d29ca0fc4d8a78f8277df04e2d1fd7b/asyncpg-0.31.0-cp314-cp314t-manylinux2014_x86_64.manylinux_2_17_x86_64.manylinux_2_28_x86_64.whl", hash = "sha256:e009abc333464ff18b8f6fd146addffd9aaf63e79aa3bb40ab7a4c332d0c5e9e", size = 3498738, upload-time = "2025-11-24T23:26:37.275Z" },
    { url = "https://files.pythonhosted.org/packages/7d/aa/7d75ede780033141c51d83577ea23236ba7d3a23593929b32b49db8ed36e/asyncpg-0.31.0-cp314-cp314t-musllinux_1_2_aarch64.whl", hash = "sha256:3b1fbcb0e396a5ca435a8826a87e5c2c2cc0c8c68eb6fadf82168056b0e53a8c", size = 3401026, upload-time = "2025-11-24T23:26:39.423Z" },
    { url = "https://files.pythonhosted.org/packages/ba/7a/15e37d45e7f7c94facc1e9148c0e455e8f33c08f0b8a0b1deb2c5171771b/asyncpg-0.31.0-cp314-cp314t-musllinux_1_2_x86_64.whl", hash = "sha256:8df714dba348efcc162d2adf02d213e5fab1bd9f557e1305633e851a61814a7a", size = 3429426, upload-time = "2025-11-24T23:26:41.032Z" },
    { url = "https://files.pythonhosted.org/packages/13/d5/71437c5f6ae5f307828710efbe62163974e71237d5d46ebd2869ea052d10/asyncpg-0.31.0-cp314-cp314t-win32.whl", hash = "sha256:1b41f1afb1033f2b44f3234993b15096ddc9cd71b21a42dbd87fc6a57b43d65d", size = 614495, upload-time = "2025-11-24T23:26:42.659Z" },
    { url = "https://files.pythonhosted.org/packages/3c/d7/8fb3044eaef08a310acfe23dae9a8e2e07d305edc29a53497e52bc76eca7/asyncpg-0.31.0-cp314-cp314t-win_amd64.whl", hash = "sha256:bd4107bb7cdd0e9e65fae66a62afd3a249663b844fa34d479f6d5b3bef9c04c3", size = 706062, upload-time = "2025-11-24T23:26:44.086Z" },
]

[[package]]
name = "orjson"
version = "3.11.2"
source = { registry = "https://pypi.org/simple" }
sdist = { url = "https://files.pythonhosted.org/packages/df/1d/5e0ae38788bdf0721326695e65fdf41405ed535f633eb0df0f06f57552fa/orjson-3.11.2.tar.gz", hash = "sha256:91bdcf5e69a8fd8e8bdb3de32b31ff01d2bd60c1e8d5fe7d5afabdcf19920309", size = 5470739, upload-time = "2025-08-12T15:12:28.626Z" }
wheels = [
    { url = "https://files.pythonhosted.org/packages/40/02/46054ebe7996a8adee9640dcad7d39d76c2000dc0377efa38e55dc5cbf78/orjson-3.11.2-cp312-cp312-macosx_10_15_x86_64.macosx_11_0_arm64.macosx_10_15_universal2.whl", hash = "sha256:901d80d349d8452162b3aa1afb82cec5bee79a10550660bc21311cc61a4c5486", size = 226528, upload-time = "2025-08-12T15:11:03.317Z" },
    { url = "https://files.pythonhosted.org/packages/e2/c6/6b6f0b4d8aea1137436546b990f71be2cd8bd870aa2f5aa14dba0fcc95dc/orjson-3.11.2-cp312-cp312-macosx_15_0_arm64.whl", hash = "sha256:cf3bd3967a360e87ee14ed82cb258b7f18c710dacf3822fb0042a14313a673a1", size = 115931, upload-time = "2025-08-12T15:11:04.759Z" },
    { url = "https://files.pythonhosted.org/packages/ae/05/4205cc97c30e82a293dd0d149b1a89b138ebe76afeca66fc129fa2aa4e6a/orjson-3.11.2-cp312-cp312-manylinux_2_17_aarch64.manylinux2014_aarch64.whl", hash = "sha256:26693dde66910078229a943e80eeb99fdce6cd2c26277dc80ead9f3ab97d2131", size = 111382, upload-time = "2025-08-12T15:11:06.468Z" },
    { url = "https://files.pythonhosted.org/packages/50/c7/b8a951a93caa821f9272a7c917115d825ae2e4e8768f5ddf37968ec9de01/orjson-3.11.2-cp312-cp312-manylinux_2_17_armv7l.manylinux2014_armv7l.whl", hash = "sha256:4ad4c8acb50a28211c33fc7ef85ddf5cb18d4636a5205fd3fa2dce0411a0e30c", size = 116271, upload-time = "2025-08-12T15:11:07.845Z" },
    { url = "https://files.pythonhosted.org/packages/17/03/1006c7f8782d5327439e26d9b0ec66500ea7b679d4bbb6b891d2834ab3ee/orjson-3.11.2-cp312-cp312-manylinux_2_17_i686.manylinux2014_i686.whl", hash = "sha256:994181e7f1725bb5f2d481d7d228738e0743b16bf319ca85c29369c65913df14", size = 119086, upload-time = "2025-08-12T15:11:09.329Z" },
    { url = "https://files.pythonhosted.org/packages/44/61/57d22bc31f36a93878a6f772aea76b2184102c6993dea897656a66d18c74/orjson-3.11.2-cp312-cp312-manylinux_2_17_ppc64le.manylinux2014_ppc64le.whl", hash = "sha256:dbb79a0476393c07656b69c8e763c3cc925fa8e1d9e9b7d1f626901bb5025448", size = 120724, upload-time = "2025-08-12T15:11:10.674Z" },
    { url = "https://files.pythonhosted.org/packages/78/a9/4550e96b4c490c83aea697d5347b8f7eb188152cd7b5a38001055ca5b379/orjson-3.11.2-cp312-cp312-manylinux_2_17_s390x.manylinux2014_s390x.whl", hash = "sha256:191ed27a1dddb305083d8716af413d7219f40ec1d4c9b0e977453b4db0d6fb6c", size = 123577, upload-time = "2025-08-12T15:11:12.015Z" },
    { url = "https://files.pythonhosted.org/packages/3a/86/09b8cb3ebd513d708ef0c92d36ac3eebda814c65c72137b0a82d6d688fc4/orjson-3.11.2-cp312-cp312-manylinux_2_17_x86_64.manylinux2014_x86_64.whl", hash = "sha256:0afb89f16f07220183fd00f5f297328ed0a68d8722ad1b0c8dcd95b12bc82804", size = 121195, upload-time = "2025-08-12T15:11:13.399Z" },
    { url = "https://files.pythonhosted.org/packages/37/68/7b40b39ac2c1c644d4644e706d0de6c9999764341cd85f2a9393cb387661/orjson-3.11.2-cp312-cp312-musllinux_1_2_aarch64.whl", hash = "sha256:6ab6e6b4e93b1573a026b6ec16fca9541354dd58e514b62c558b58554ae04307", size = 119234, upload-time = "2025-08-12T15:11:15.134Z" },
    { url = "https://files.pythonhosted.org/packages/40/7c/bb6e7267cd80c19023d44d8cbc4ea4ed5429fcd4a7eb9950f50305697a28/orjson-3.11.2-cp312-cp312-musllinux_1_2_armv7l.whl", hash = "sha256:9cb23527efb61fb75527df55d20ee47989c4ee34e01a9c98ee9ede232abf6219", size = 392250, upload-time = "2025-08-12T15:11:16.604Z" },
    { url = "https://files.pythonhosted.org/packages/64/f2/6730ace05583dbca7c1b406d59f4266e48cd0d360566e71482420fb849fc/orjson-3.11.2-cp312-cp312-musllinux_1_2_i686.whl", hash = "sha256:a4dd1268e4035af21b8a09e4adf2e61f87ee7bf63b86d7bb0a237ac03fad5b45", size = 134572, upload-time = "2025-08-12T15:11:18.205Z" },
    { url = "https://files.pythonhosted.org/packages/96/0f/7d3e03a30d5aac0432882b539a65b8c02cb6dd4221ddb893babf09c424cc/orjson-3.11.2-cp312-cp312-musllinux_1_2_x86_64.whl", hash = "sha256:ff8b155b145eaf5a9d94d2c476fbe18d6021de93cf36c2ae2c8c5b775763f14e", size = 123869, upload-time = "2025-08-12T15:11:19.554Z" },
    { url = "https://files.pythonhosted.org/packages/45/80/1513265eba6d4a960f078f4b1d2bff94a571ab2d28c6f9835e03dfc65cc6/orjson-3.11.2-cp312-cp312-win32.whl", hash = "sha256:ae3bb10279d57872f9aba68c9931aa71ed3b295fa880f25e68da79e79453f46e", size = 124430, upload-time = "2025-08-12T15:11:20.914Z" },
    { url = "https://files.pythonhosted.org/packages/fb/61/eadf057b68a332351eeb3d89a4cc538d14f31cd8b5ec1b31a280426ccca2/orjson-3.11.2-cp312-cp312-win_amd64.whl", hash = "sha256:d026e1967239ec11a2559b4146a61d13914504b396f74510a1c4d6b19dfd8732", size = 119598, upload-time = "2025-08-12T15:11:22.372Z" },
    { url = "https://files.pythonhosted.org/packages/6b/3f/7f4b783402143d965ab7e9a2fc116fdb887fe53bdce7d3523271cd106098/orjson-3.11.2-cp312-cp312-win_arm64.whl", hash = "sha256:59f8d5ad08602711af9589375be98477d70e1d102645430b5a7985fdbf613b36", size = 114052, upload-time = "2025-08-12T15:11:23.762Z" },
    { url = "https://files.pythonhosted.org/packages/c2/f3/0dd6b4750eb556ae4e2c6a9cb3e219ec642e9c6d95f8ebe5dc9020c67204/orjson-3.11.2-cp313-cp313-macosx_10_15_x86_64.macosx_11_0_arm64.macosx_10_15_universal2.whl", hash = "sha256:a079fdba7062ab396380eeedb589afb81dc6683f07f528a03b6f7aae420a0219", size = 226419, upload-time = "2025-08-12T15:11:25.517Z" },
    { url = "https://files.pythonhosted.org/packages/44/d5/e67f36277f78f2af8a4690e0c54da6b34169812f807fd1b4bfc4dbcf9558/orjson-3.11.2-cp313-cp313-macosx_15_0_arm64.whl", hash = "sha256:6a5f62ebbc530bb8bb4b1ead103647b395ba523559149b91a6c545f7cd4110ad", size = 115803, upload-time = "2025-08-12T15:11:27.357Z" },
    { url = "https://files.pythonhosted.org/packages/24/37/ff8bc86e0dacc48f07c2b6e20852f230bf4435611bab65e3feae2b61f0ae/orjson-3.11.2-cp313-cp313-manylinux_2_17_aarch64.manylinux2014_aarch64.whl", hash = "sha256:d7df6c7b8b0931feb3420b72838c3e2ba98c228f7aa60d461bc050cf4ca5f7b2", size = 111337, upload-time = "2025-08-12T15:11:28.805Z" },
    { url = "https://files.pythonhosted.org/packages/b9/25/37d4d3e8079ea9784ea1625029988e7f4594ce50d4738b0c1e2bf4a9e201/orjson-3.11.2-cp313-cp313-manylinux_2_17_armv7l.manylinux2014_armv7l.whl", hash = "sha256:6f59dfea7da1fced6e782bb3699718088b1036cb361f36c6e4dd843c5111aefe", size = 116222, upload-time = "2025-08-12T15:11:30.18Z" },
    { url = "https://files.pythonhosted.org/packages/b7/32/a63fd9c07fce3b4193dcc1afced5dd4b0f3a24e27556604e9482b32189c9/orjson-3.11.2-cp313-cp313-manylinux_2_17_i686.manylinux2014_i686.whl", hash = "sha256:edf49146520fef308c31aa4c45b9925fd9c7584645caca7c0c4217d7900214ae", size = 119020, upload-time = "2025-08-12T15:11:31.59Z" },
    { url = "https://files.pythonhosted.org/packages/b4/b6/400792b8adc3079a6b5d649264a3224d6342436d9fac9a0ed4abc9dc4596/orjson-3.11.2-cp313-cp313-manylinux_2_17_ppc64le.manylinux2014_ppc64le.whl", hash = "sha256:50995bbeb5d41a32ad15e023305807f561ac5dcd9bd41a12c8d8d1d2c83e44e6", size = 120721, upload-time = "2025-08-12T15:11:33.035Z" },
    { url = "https://files.pythonhosted.org/packages/40/f3/31ab8f8c699eb9e65af8907889a0b7fef74c1d2b23832719a35da7bb0c58/orjson-3.11.2-cp313-cp313-manylinux_2_17_s390x.manylinux2014_s390x.whl", hash = "sha256:2cc42960515076eb639b705f105712b658c525863d89a1704d984b929b0577d1", size = 123574, upload-time = "2025-08-12T15:11:34.433Z" },
    { url = "https://files.pythonhosted.org/packages/bd/a6/ce4287c412dff81878f38d06d2c80845709c60012ca8daf861cb064b4574/orjson-3.11.2-cp313-cp313-manylinux_2_17_x86_64.manylinux2014_x86_64.whl", hash = "sha256:c56777cab2a7b2a8ea687fedafb84b3d7fdafae382165c31a2adf88634c432fa", size = 121225, upload-time = "2025-08-12T15:11:36.133Z" },
    { url = "https://files.pythonhosted.org/packages/69/b0/7a881b2aef4fed0287d2a4fbb029d01ed84fa52b4a68da82bdee5e50598e/orjson-3.11.2-cp313-cp313-musllinux_1_2_aarch64.whl", hash = "sha256:07349e88025b9b5c783077bf7a9f401ffbfb07fd20e86ec6fc5b7432c28c2c5e", size = 119201, upload-time = "2025-08-12T15:11:37.642Z" },
    { url = "https://files.pythonhosted.org/packages/cf/98/a325726b37f7512ed6338e5e65035c3c6505f4e628b09a5daf0419f054ea/orjson-3.11.2-cp313-cp313-musllinux_1_2_armv7l.whl", hash = "sha256:45841fbb79c96441a8c58aa29ffef570c5df9af91f0f7a9572e5505e12412f15", size = 392193, upload-time = "2025-08-12T15:11:39.153Z" },
    { url = "https://files.pythonhosted.org/packages/cb/4f/a7194f98b0ce1d28190e0c4caa6d091a3fc8d0107ad2209f75c8ba398984/orjson-3.11.2-cp313-cp313-musllinux_1_2_i686.whl", hash = "sha256:13d8d8db6cd8d89d4d4e0f4161acbbb373a4d2a4929e862d1d2119de4aa324ac", size = 134548, upload-time = "2025-08-12T15:11:40.768Z" },
    { url = "https://files.pythonhosted.org/packages/e8/5e/b84caa2986c3f472dc56343ddb0167797a708a8d5c3be043e1e2677b55df/orjson-3.11.2-cp313-cp313-musllinux_1_2_x86_64.whl", hash = "sha256:51da1ee2178ed09c00d09c1b953e45846bbc16b6420965eb7a913ba209f606d8", size = 123798, upload-time = "2025-08-12T15:11:42.164Z" },
    { url = "https://files.pythonhosted.org/packages/9c/5b/e398449080ce6b4c8fcadad57e51fa16f65768e1b142ba90b23ac5d10801/orjson-3.11.2-cp313-cp313-win32.whl", hash = "sha256:51dc033df2e4a4c91c0ba4f43247de99b3cbf42ee7a42ee2b2b2f76c8b2f2cb5", size = 124402, upload-time = "2025-08-12T15:11:44.036Z" },
    { url = "https://files.pythonhosted.org/packages/b3/66/429e4608e124debfc4790bfc37131f6958e59510ba3b542d5fc163be8e5f/orjson-3.11.2-cp313-cp313-win_amd64.whl", hash = "sha256:29d91d74942b7436f29b5d1ed9bcfc3f6ef2d4f7c4997616509004679936650d", size = 119498, upload-time = "2025-08-12T15:11:45.864Z" },
    { url = "https://files.pythonhosted.org/packages/7b/04/f8b5f317cce7ad3580a9ad12d7e2df0714dfa8a83328ecddd367af802f5b/orjson-3.11.2-cp313-cp313-win_arm64.whl", hash = "sha256:4ca4fb5ac21cd1e48028d4f708b1bb13e39c42d45614befd2ead004a8bba8535", size = 114051, upload-time = "2025-08-12T15:11:47.555Z" },
    { url = "https://files.pythonhosted.org/packages/74/83/2c363022b26c3c25b3708051a19d12f3374739bb81323f05b284392080c0/orjson-3.11.2-cp314-cp314-macosx_10_15_x86_64.macosx_11_0_arm64.macosx_10_15_universal2.whl", hash = "sha256:3dcba7101ea6a8d4ef060746c0f2e7aa8e2453a1012083e1ecce9726d7554cb7", size = 226406, upload-time = "2025-08-12T15:11:49.445Z" },
    { url = "https://files.pythonhosted.org/packages/b0/a7/aa3c973de0b33fc93b4bd71691665ffdfeae589ea9d0625584ab10a7d0f5/orjson-3.11.2-cp314-cp314-macosx_15_0_arm64.whl", hash = "sha256:15d17bdb76a142e1f55d91913e012e6e6769659daa6bfef3ef93f11083137e81", size = 115788, upload-time = "2025-08-12T15:11:50.992Z" },
    { url = "https://files.pythonhosted.org/packages/ef/f2/e45f233dfd09fdbb052ec46352363dca3906618e1a2b264959c18f809d0b/orjson-3.11.2-cp314-cp314-manylinux_2_34_aarch64.whl", hash = "sha256:53c9e81768c69d4b66b8876ec3c8e431c6e13477186d0db1089d82622bccd19f", size = 111318, upload-time = "2025-08-12T15:11:52.495Z" },
    { url = "https://files.pythonhosted.org/packages/3e/23/cf5a73c4da6987204cbbf93167f353ff0c5013f7c5e5ef845d4663a366da/orjson-3.11.2-cp314-cp314-manylinux_2_34_x86_64.whl", hash = "sha256:d4f13af59a7b84c1ca6b8a7ab70d608f61f7c44f9740cd42409e6ae7b6c8d8b7", size = 121231, upload-time = "2025-08-12T15:11:53.941Z" },
    { url = "https://files.pythonhosted.org/packages/40/1d/47468a398ae68a60cc21e599144e786e035bb12829cb587299ecebc088f1/orjson-3.11.2-cp314-cp314-musllinux_1_2_aarch64.whl", hash = "sha256:bde64aa469b5ee46cc960ed241fae3721d6a8801dacb2ca3466547a2535951e4", size = 119204, upload-time = "2025-08-12T15:11:55.409Z" },
    { url = "https://files.pythonhosted.org/packages/4d/d9/f99433d89b288b5bc8836bffb32a643f805e673cf840ef8bab6e73ced0d1/orjson-3.11.2-cp314-cp314-musllinux_1_2_armv7l.whl", hash = "sha256:b5ca86300aeb383c8fa759566aca065878d3d98c3389d769b43f0a2e84d52c5f", size = 392237, upload-time = "2025-08-12T15:11:57.18Z" },
    { url = "https://files.pythonhosted.org/packages/d4/dc/1b9d80d40cebef603325623405136a29fb7d08c877a728c0943dd066c29a/orjson-3.11.2-cp314-cp314-musllinux_1_2_i686.whl", hash = "sha256:24e32a558ebed73a6a71c8f1cbc163a7dd5132da5270ff3d8eeb727f4b6d1bc7", size = 134578, upload-time = "2025-08-12T15:11:58.844Z" },
    { url = "https://files.pythonhosted.org/packages/45/b3/72e7a4c5b6485ef4e83ef6aba7f1dd041002bad3eb5d1d106ca5b0fc02c6/orjson-3.11.2-cp314-cp314-musllinux_1_2_x86_64.whl", hash = "sha256:e36319a5d15b97e4344110517450396845cc6789aed712b1fbf83c1bd95792f6", size = 123799, upload-time = "2025-08-12T15:12:00.352Z" },
    { url = "https://files.pythonhosted.org/packages/c8/3e/a3d76b392e7acf9b34dc277171aad85efd6accc75089bb35b4c614990ea9/orjson-3.11.2-cp314-cp314-win32.whl", hash = "sha256:40193ada63fab25e35703454d65b6afc71dbc65f20041cb46c6d91709141ef7f", size = 124461, upload-time = "2025-08-12T15:12:01.854Z" },
    { url = "https://files.pythonhosted.org/packages/fb/e3/75c6a596ff8df9e4a5894813ff56695f0a218e6ea99420b4a645c4f7795d/orjson-3.11.2-cp314-cp314-win_amd64.whl", hash = "sha256:7c8ac5f6b682d3494217085cf04dadae66efee45349ad4ee2a1da3c97e2305a8", size = 119494, upload-time = "2025-08-12T15:12:03.337Z" },
    { url = "https://files.pythonhosted.org/packages/5b/3d/9e74742fc261c5ca473c96bb3344d03995869e1dc6402772c60afb97736a/orjson-3.11.2-cp314-cp314-win_arm64.whl", hash = "sha256:21cf261e8e79284242e4cb1e5924df16ae28255184aafeff19be1405f6d33f67", size = 114046, upload-time = "2025-08-12T15:12:04.87Z" },
]
